
Microsoft Visual Studio Solution File, Format Version 12.00
# Visual Studio Version 17
VisualStudioVersion = 17.5.002.0
MinimumVisualStudioVersion = 10.0.40219.1
Project("{9A19103F-16F7-4668-BE54-9A1E7A4F7556}") = "Foha", "Foha.csproj", "{586E9191-C90C-4A3D-A6BF-24F0B8CCE05F}"
EndProject
Global
	GlobalSection(SolutionConfigurationPlatforms) = preSolution
		Debug|Any CPU = Debug|Any CPU
		Release|Any CPU = Release|Any CPU
	EndGlobalSection
	GlobalSection(ProjectConfigurationPlatforms) = postSolution
		{586E9191-C90C-4A3D-A6BF-24F0B8CCE05F}.Debug|Any CPU.ActiveCfg = Debug|Any CPU
		{586E9191-C90C-4A3D-A6BF-24F0B8CCE05F}.Debug|Any CPU.Build.0 = Debug|Any CPU
		{586E9191-C90C-4A3D-A6BF-24F0B8CCE05F}.Release|Any CPU.ActiveCfg = Release|Any CPU
		{586E9191-C90C-4A3D-A6BF-24F0B8CCE05F}.Release|Any CPU.Build.0 = Release|Any CPU
	EndGlobalSection
	GlobalSection(SolutionProperties) = preSolution
		HideSolutionNode = FALSE
	EndGlobalSection
	GlobalSection(ExtensibilityGlobals) = postSolution
		SolutionGuid = {407DF178-3872-4A40-BBB0-EE012B96C6E5}
	EndGlobalSection
EndGlobal
